Microsoft Visual Studio Solution File, Format Version 12.00
# Visual Studio Version 17
VisualStudioVersion = 17.5.2.0
MinimumVisualStudioVersion = 10.0.40219.1
Project("{FAE04EC0-301F-11D3-BF4B-00C04F79EFBC}") = "GameOfLife", "GameOfLife.csproj", "{AF3E52B0-B251-723A-6D44-B9EB4D8FF8CC}"
EndProject
Global
	GlobalSection(SolutionConfigurationPlatforms) = preSolution
		Debug|Any CPU = Debug|Any CPU
		Release|Any CPU = Release|Any CPU
	EndGlobalSection
	GlobalSection(ProjectConfigurationPlatforms) = postSolution
		{AF3E52B0-B251-723A-6D44-B9EB4D8FF8CC}.Debug|Any CPU.ActiveCfg = Debug|Any CPU
		{AF3E52B0-B251-723A-6D44-B9EB4D8FF8CC}.Debug|Any CPU.Build.0 = Debug|Any CPU
		{AF3E52B0-B251-723A-6D44-B9EB4D8FF8CC}.Release|Any CPU.ActiveCfg = Release|Any CPU
		{AF3E52B0-B251-723A-6D44-B9EB4D8FF8CC}.Release|Any CPU.Build.0 = Release|Any CPU
	EndGlobalSection
	GlobalSection(SolutionProperties) = preSolution
		HideSolutionNode = FALSE
	EndGlobalSection
	GlobalSection(ExtensibilityGlobals) = postSolution
		SolutionGuid = {8B9337E6-0565-47A7-BC97-23384EA49FEE}
	EndGlobalSection
EndGlobal
